
Microsoft Visual Studio Solution File, Format Version 12.00
# Visual Studio 2013
VisualStudioVersion = 12.0.31101.0
MinimumVisualStudioVersion = 10.0.40219.1
Project("{8BC9CEB8-8B4A-11D0-8D11-00A0C91BC942}") = "MFCApplication2", "MFCApplication2\MFCApplication2.vcxproj", "{F132AAAB-AEE4-4F53-BC5E-8F97794BE372}"
EndProject
Project("{8BC9CEB8-8B4A-11D0-8D11-00A0C91BC942}") = "zoomdemo", "zoomdemo\zoomdemo.vcxproj", "{32AD77C6-979B-4A54-9482-17FA4F32E9DA}"
EndProject
Project("{8BC9CEB8-8B4A-11D0-8D11-00A0C91BC942}") = "WinHttpDemo", "WinHttpDemo\WinHttpDemo.vcxproj", "{D86C2A3E-A8B4-4828-BF5E-B60CF2A9DCAE}"
EndProject
Project("{8BC9CEB8-8B4A-11D0-8D11-00A0C91BC942}") = "zoomdemo001", "zoomdemoTemplate\zoomdemo001.vcxproj", "{D737915D-5626-4047-B48C-FC5BDB296B8F}"
EndProject
Global
	GlobalSection(SolutionConfigurationPlatforms) = preSolution
		Debug|Win32 = Debug|Win32
		Debug|x86 = Debug|x86
		Release|Win32 = Release|Win32
		Release|x86 = Release|x86
	EndGlobalSection
	GlobalSection(ProjectConfigurationPlatforms) = postSolution
		{F132AAAB-AEE4-4F53-BC5E-8F97794BE372}.Debug|Win32.ActiveCfg = Debug|Win32
		{F132AAAB-AEE4-4F53-BC5E-8F97794BE372}.Debug|Win32.Build.0 = Debug|Win32
		{F132AAAB-AEE4-4F53-BC5E-8F97794BE372}.Debug|x86.ActiveCfg = Debug|Win32
		{F132AAAB-AEE4-4F53-BC5E-8F97794BE372}.Debug|x86.Build.0 = Debug|Win32
		{F132AAAB-AEE4-4F53-BC5E-8F97794BE372}.Release|Win32.ActiveCfg = Release|Win32
		{F132AAAB-AEE4-4F53-BC5E-8F97794BE372}.Release|Win32.Build.0 = Release|Win32
		{F132AAAB-AEE4-4F53-BC5E-8F97794BE372}.Release|x86.ActiveCfg = Release|Win32
		{F132AAAB-AEE4-4F53-BC5E-8F97794BE372}.Release|x86.Build.0 = Release|Win32
		{32AD77C6-979B-4A54-9482-17FA4F32E9DA}.Debug|Win32.ActiveCfg = Debug|Win32
		{32AD77C6-979B-4A54-9482-17FA4F32E9DA}.Debug|Win32.Build.0 = Debug|Win32
		{32AD77C6-979B-4A54-9482-17FA4F32E9DA}.Debug|x86.ActiveCfg = Debug|Win32
		{32AD77C6-979B-4A54-9482-17FA4F32E9DA}.Debug|x86.Build.0 = Debug|Win32
		{32AD77C6-979B-4A54-9482-17FA4F32E9DA}.Release|Win32.ActiveCfg = Release|Win32
		{32AD77C6-979B-4A54-9482-17FA4F32E9DA}.Release|Win32.Build.0 = Release|Win32
		{32AD77C6-979B-4A54-9482-17FA4F32E9DA}.Release|x86.ActiveCfg = Release|Win32
		{32AD77C6-979B-4A54-9482-17FA4F32E9DA}.Release|x86.Build.0 = Release|Win32
		{D86C2A3E-A8B4-4828-BF5E-B60CF2A9DCAE}.Debug|Win32.ActiveCfg = Debug|Win32
		{D86C2A3E-A8B4-4828-BF5E-B60CF2A9DCAE}.Debug|Win32.Build.0 = Debug|Win32
		{D86C2A3E-A8B4-4828-BF5E-B60CF2A9DCAE}.Debug|x86.ActiveCfg = Debug|Win32
		{D86C2A3E-A8B4-4828-BF5E-B60CF2A9DCAE}.Debug|x86.Build.0 = Debug|Win32
		{D86C2A3E-A8B4-4828-BF5E-B60CF2A9DCAE}.Release|Win32.ActiveCfg = Release|Win32
		{D86C2A3E-A8B4-4828-BF5E-B60CF2A9DCAE}.Release|Win32.Build.0 = Release|Win32
		{D86C2A3E-A8B4-4828-BF5E-B60CF2A9DCAE}.Release|x86.ActiveCfg = Release|Win32
		{D86C2A3E-A8B4-4828-BF5E-B60CF2A9DCAE}.Release|x86.Build.0 = Release|Win32
		{D737915D-5626-4047-B48C-FC5BDB296B8F}.Debug|Win32.ActiveCfg = Debug|Win32
		{D737915D-5626-4047-B48C-FC5BDB296B8F}.Debug|Win32.Build.0 = Debug|Win32
		{D737915D-5626-4047-B48C-FC5BDB296B8F}.Debug|x86.ActiveCfg = Debug|Win32
		{D737915D-5626-4047-B48C-FC5BDB296B8F}.Debug|x86.Build.0 = Debug|Win32
		{D737915D-5626-4047-B48C-FC5BDB296B8F}.Release|Win32.ActiveCfg = Release|Win32
		{D737915D-5626-4047-B48C-FC5BDB296B8F}.Release|Win32.Build.0 = Release|Win32
		{D737915D-5626-4047-B48C-FC5BDB296B8F}.Release|x86.ActiveCfg = Release|Win32
		{D737915D-5626-4047-B48C-FC5BDB296B8F}.Release|x86.Build.0 = Release|Win32
	EndGlobalSection
	GlobalSection(SolutionProperties) = preSolution
		HideSolutionNode = FALSE
	EndGlobalSection
EndGlobal
